
Microsoft Visual Studio Solution File, Format Version 12.00
# Visual Studio Version 16
VisualStudioVersion = 16.0.30225.117
MinimumVisualStudioVersion = 10.0.40219.1
Project("{FAE04EC0-301F-11D3-BF4B-00C04F79EFBC}") = "Project2048MSTest", "Project2048MSTest.csproj", "{2D3B93B5-648E-46A7-A77A-54F0A1FD48C4}"
EndProject
Project("{FAE04EC0-301F-11D3-BF4B-00C04F79EFBC}") = "Project2048", "..\Project2048.csproj", "{07F07F01-72F6-4E26-8308-37FB90004078}"
EndProject
Global
	GlobalSection(SolutionConfigurationPlatforms) = preSolution
		Debug|Any CPU = Debug|Any CPU
		Release|Any CPU = Release|Any CPU
	EndGlobalSection
	GlobalSection(ProjectConfigurationPlatforms) = postSolution
		{2D3B93B5-648E-46A7-A77A-54F0A1FD48C4}.Debug|Any CPU.ActiveCfg = Debug|Any CPU
		{2D3B93B5-648E-46A7-A77A-54F0A1FD48C4}.Debug|Any CPU.Build.0 = Debug|Any CPU
		{2D3B93B5-648E-46A7-A77A-54F0A1FD48C4}.Release|Any CPU.ActiveCfg = Release|Any CPU
		{2D3B93B5-648E-46A7-A77A-54F0A1FD48C4}.Release|Any CPU.Build.0 = Release|Any CPU
		{07F07F01-72F6-4E26-8308-37FB90004078}.Debug|Any CPU.ActiveCfg = Debug|Any CPU
		{07F07F01-72F6-4E26-8308-37FB90004078}.Debug|Any CPU.Build.0 = Debug|Any CPU
		{07F07F01-72F6-4E26-8308-37FB90004078}.Release|Any CPU.ActiveCfg = Release|Any CPU
		{07F07F01-72F6-4E26-8308-37FB90004078}.Release|Any CPU.Build.0 = Release|Any CPU
	EndGlobalSection
	GlobalSection(SolutionProperties) = preSolution
		HideSolutionNode = FALSE
	EndGlobalSection
	GlobalSection(ExtensibilityGlobals) = postSolution
		SolutionGuid = {2360C599-0EA9-4E27-80C5-027FC4560679}
	EndGlobalSection
EndGlobal
